
Microsoft Visual Studio Solution File, Format Version 12.00
# Visual Studio Version 16
VisualStudioVersion = 16.0.33328.57
MinimumVisualStudioVersion = 10.0.40219.1
Project("{FAE04EC0-301F-11D3-BF4B-00C04F79EFBC}") = "ZombieGame", "ZombieGame\ZombieGame.csproj", "{B2FAA257-3543-4BC8-B036-5A1D1B25D109}"
EndProject
Global
	GlobalSection(SolutionConfigurationPlatforms) = preSolution
		Debug|Any CPU = Debug|Any CPU
		Release|Any CPU = Release|Any CPU
	EndGlobalSection
	GlobalSection(ProjectConfigurationPlatforms) = postSolution
		{B2FAA257-3543-4BC8-B036-5A1D1B25D109}.Debug|Any CPU.ActiveCfg = Debug|Any CPU
		{B2FAA257-3543-4BC8-B036-5A1D1B25D109}.Debug|Any CPU.Build.0 = Debug|Any CPU
		{B2FAA257-3543-4BC8-B036-5A1D1B25D109}.Release|Any CPU.ActiveCfg = Release|Any CPU
		{B2FAA257-3543-4BC8-B036-5A1D1B25D109}.Release|Any CPU.Build.0 = Release|Any CPU
	EndGlobalSection
	GlobalSection(SolutionProperties) = preSolution
		HideSolutionNode = FALSE
	EndGlobalSection
	GlobalSection(ExtensibilityGlobals) = postSolution
		SolutionGuid = {5B426B3B-D79C-4097-AF8E-E0C407D0F808}
	EndGlobalSection
EndGlobal
